
Microsoft Visual Studio Solution File, Format Version 12.00
# Visual Studio Version 16
VisualStudioVersion = 16.0.29430.225
MinimumVisualStudioVersion = 10.0.40219.1
Project("{9A19103F-16F7-4668-BE54-9A1E7A4F7556}") = "SnowCapX.Core", "SnowCapX.Core\SnowCapX.Core.csproj", "{1F0F0397-F987-4500-AFD9-4F155FEFAFF8}"
EndProject
Project("{9A19103F-16F7-4668-BE54-9A1E7A4F7556}") = "SnowCapX.Server", "SnowCapX.Server\SnowCapX.Server.csproj", "{05DCA0C8-C446-4BC7-913E-DB179C3F420B}"
EndProject
Project("{9A19103F-16F7-4668-BE54-9A1E7A4F7556}") = "SnowCapX.Client", "SnowCapX.Client\SnowCapX.Client.csproj", "{537BE561-5EA9-49F7-9CEC-1AFE2C5BA091}"
EndProject
Project("{2150E333-8FDC-42A3-9474-1A3956D46DE8}") = "Solution Items", "Solution Items", "{FE8868B5-A73E-4FA2-BF71-43FA2DD9F98E}"
	ProjectSection(SolutionItems) = preProject
		.editorconfig = .editorconfig
	EndProjectSection
EndProject
Project("{9A19103F-16F7-4668-BE54-9A1E7A4F7556}") = "SnowCapX.Core.Tests", "SnowCapX.Core.Tests\SnowCapX.Core.Tests.csproj", "{F15A7ABF-E019-4C2E-BB62-1F63EC00736F}"
EndProject
Project("{9A19103F-16F7-4668-BE54-9A1E7A4F7556}") = "SnowCapX.Server.Tests", "SnowCapX.Server.Tests\SnowCapX.Server.Tests.csproj", "{A896CF8C-8EC0-42DB-9B77-8D6A0EB0A9F3}"
EndProject
Project("{9A19103F-16F7-4668-BE54-9A1E7A4F7556}") = "SnowCapX.Client.Tests", "SnowCapX.Client.Tests\SnowCapX.Client.Tests.csproj", "{F56417AA-CB86-40CC-8A36-EDF5410FD437}"
EndProject
Project("{9A19103F-16F7-4668-BE54-9A1E7A4F7556}") = "SnowCapX.Examples.Example1", "..\examples\SnowCapX.Examples.Example1\SnowCapX.Examples.Example1.csproj", "{F527E0C2-31FE-4A72-9791-A2E13D96DE76}"
EndProject
Global
	GlobalSection(SolutionConfigurationPlatforms) = preSolution
		Debug|Any CPU = Debug|Any CPU
		Release|Any CPU = Release|Any CPU
	EndGlobalSection
	GlobalSection(ProjectConfigurationPlatforms) = postSolution
		{1F0F0397-F987-4500-AFD9-4F155FEFAFF8}.Debug|Any CPU.ActiveCfg = Debug|Any CPU
		{1F0F0397-F987-4500-AFD9-4F155FEFAFF8}.Debug|Any CPU.Build.0 = Debug|Any CPU
		{1F0F0397-F987-4500-AFD9-4F155FEFAFF8}.Release|Any CPU.ActiveCfg = Release|Any CPU
		{1F0F0397-F987-4500-AFD9-4F155FEFAFF8}.Release|Any CPU.Build.0 = Release|Any CPU
		{05DCA0C8-C446-4BC7-913E-DB179C3F420B}.Debug|Any CPU.ActiveCfg = Debug|Any CPU
		{05DCA0C8-C446-4BC7-913E-DB179C3F420B}.Debug|Any CPU.Build.0 = Debug|Any CPU
		{05DCA0C8-C446-4BC7-913E-DB179C3F420B}.Release|Any CPU.ActiveCfg = Release|Any CPU
		{05DCA0C8-C446-4BC7-913E-DB179C3F420B}.Release|Any CPU.Build.0 = Release|Any CPU
		{537BE561-5EA9-49F7-9CEC-1AFE2C5BA091}.Debug|Any CPU.ActiveCfg = Debug|Any CPU
		{537BE561-5EA9-49F7-9CEC-1AFE2C5BA091}.Debug|Any CPU.Build.0 = Debug|Any CPU
		{537BE561-5EA9-49F7-9CEC-1AFE2C5BA091}.Release|Any CPU.ActiveCfg = Release|Any CPU
		{537BE561-5EA9-49F7-9CEC-1AFE2C5BA091}.Release|Any CPU.Build.0 = Release|Any CPU
		{F15A7ABF-E019-4C2E-BB62-1F63EC00736F}.Debug|Any CPU.ActiveCfg = Debug|Any CPU
		{F15A7ABF-E019-4C2E-BB62-1F63EC00736F}.Debug|Any CPU.Build.0 = Debug|Any CPU
		{F15A7ABF-E019-4C2E-BB62-1F63EC00736F}.Release|Any CPU.ActiveCfg = Release|Any CPU
		{F15A7ABF-E019-4C2E-BB62-1F63EC00736F}.Release|Any CPU.Build.0 = Release|Any CPU
		{A896CF8C-8EC0-42DB-9B77-8D6A0EB0A9F3}.Debug|Any CPU.ActiveCfg = Debug|Any CPU
		{A896CF8C-8EC0-42DB-9B77-8D6A0EB0A9F3}.Debug|Any CPU.Build.0 = Debug|Any CPU
		{A896CF8C-8EC0-42DB-9B77-8D6A0EB0A9F3}.Release|Any CPU.ActiveCfg = Release|Any CPU
		{A896CF8C-8EC0-42DB-9B77-8D6A0EB0A9F3}.Release|Any CPU.Build.0 = Release|Any CPU
		{F56417AA-CB86-40CC-8A36-EDF5410FD437}.Debug|Any CPU.ActiveCfg = Debug|Any CPU
		{F56417AA-CB86-40CC-8A36-EDF5410FD437}.Debug|Any CPU.Build.0 = Debug|Any CPU
		{F56417AA-CB86-40CC-8A36-EDF5410FD437}.Release|Any CPU.ActiveCfg = Release|Any CPU
		{F56417AA-CB86-40CC-8A36-EDF5410FD437}.Release|Any CPU.Build.0 = Release|Any CPU
		{F527E0C2-31FE-4A72-9791-A2E13D96DE76}.Debug|Any CPU.ActiveCfg = Debug|Any CPU
		{F527E0C2-31FE-4A72-9791-A2E13D96DE76}.Debug|Any CPU.Build.0 = Debug|Any CPU
		{F527E0C2-31FE-4A72-9791-A2E13D96DE76}.Release|Any CPU.ActiveCfg = Release|Any CPU
		{F527E0C2-31FE-4A72-9791-A2E13D96DE76}.Release|Any CPU.Build.0 = Release|Any CPU
	EndGlobalSection
	GlobalSection(SolutionProperties) = preSolution
		HideSolutionNode = FALSE
	EndGlobalSection
	GlobalSection(ExtensibilityGlobals) = postSolution
		SolutionGuid = {5AFD53DC-2601-4D5D-B056-6D4651CC17D7}
	EndGlobalSection
EndGlobal
